
Microsoft Visual Studio Solution File, Format Version 12.00
# Visual Studio Version 17
VisualStudioVersion = 17.9.34728.123
MinimumVisualStudioVersion = 10.0.40219.1
Project("{FAE04EC0-301F-11D3-BF4B-00C04F79EFBC}") = "AhelpBomber", "AhelpBomber.csproj", "{061F69B7-E5C5-455B-A619-BEF4AD18D5D9}"
EndProject
Global
	GlobalSection(SolutionConfigurationPlatforms) = preSolution
		Debug|Any CPU = Debug|Any CPU
		Release|Any CPU = Release|Any CPU
	EndGlobalSection
	GlobalSection(ProjectConfigurationPlatforms) = postSolution
		{061F69B7-E5C5-455B-A619-BEF4AD18D5D9}.Debug|Any CPU.ActiveCfg = Debug|Any CPU
		{061F69B7-E5C5-455B-A619-BEF4AD18D5D9}.Debug|Any CPU.Build.0 = Debug|Any CPU
		{061F69B7-E5C5-455B-A619-BEF4AD18D5D9}.Release|Any CPU.ActiveCfg = Release|Any CPU
		{061F69B7-E5C5-455B-A619-BEF4AD18D5D9}.Release|Any CPU.Build.0 = Release|Any CPU
	EndGlobalSection
	GlobalSection(SolutionProperties) = preSolution
		HideSolutionNode = FALSE
	EndGlobalSection
	GlobalSection(ExtensibilityGlobals) = postSolution
		SolutionGuid = {A525CD39-D898-4725-9B26-0F3DA5B18768}
	EndGlobalSection
EndGlobal
